
Microsoft Visual Studio Solution File, Format Version 12.00
# Visual Studio Version 17
VisualStudioVersion = 17.13.35913.81 d17.13
MinimumVisualStudioVersion = 10.0.40219.1
Project("{FAE04EC0-301F-11D3-BF4B-00C04F79EFBC}") = "CRM_Api", "CRM_Api\CRM_Api.csproj", "{4A98BCFE-E924-4BB1-A91C-F5F3856D5A33}"
EndProject
Global
	GlobalSection(SolutionConfigurationPlatforms) = preSolution
		Debug|Any CPU = Debug|Any CPU
		Release|Any CPU = Release|Any CPU
	EndGlobalSection
	GlobalSection(ProjectConfigurationPlatforms) = postSolution
		{4A98BCFE-E924-4BB1-A91C-F5F3856D5A33}.Debug|Any CPU.ActiveCfg = Debug|Any CPU
		{4A98BCFE-E924-4BB1-A91C-F5F3856D5A33}.Debug|Any CPU.Build.0 = Debug|Any CPU
		{4A98BCFE-E924-4BB1-A91C-F5F3856D5A33}.Release|Any CPU.ActiveCfg = Release|Any CPU
		{4A98BCFE-E924-4BB1-A91C-F5F3856D5A33}.Release|Any CPU.Build.0 = Release|Any CPU
	EndGlobalSection
	GlobalSection(SolutionProperties) = preSolution
		HideSolutionNode = FALSE
	EndGlobalSection
	GlobalSection(ExtensibilityGlobals) = postSolution
		SolutionGuid = {F79A31F9-0F03-49F9-B550-AA96BEDF41D1}
	EndGlobalSection
EndGlobal
